{
  "name": "heartflow-companion",
  "version": "6.2.45",
  "lockfileVersion": 3,
  "requires": true,
  "packages": {
    "": {
      "name": "heartflow-companion",
      "version": "6.2.45",
      "license": "MIT",
      "bin": {
        "heartflow": "src/index.js"
      },
      "devDependencies": {},
      "engines": {
        "node": ">=14.0.0"
      }
    }
  }
}
